
Microsoft Visual Studio Solution File, Format Version 12.00
# Visual Studio 15
VisualStudioVersion = 15.0.28307.168
MinimumVisualStudioVersion = 10.0.40219.1
Project("{FAE04EC0-301F-11D3-BF4B-00C04F79EFBC}") = "HotkeyListener", "HotkeyListener\HotkeyListener.csproj", "{B8B41B35-3D81-4E81-A0D4-24002EF895B9}"
EndProject
Project("{FAE04EC0-301F-11D3-BF4B-00C04F79EFBC}") = "HotkeyListener.Demo", "HotkeyListener.Demos\TextClipper\HotkeyListener.Demo.csproj", "{777A7403-AEF8-46B8-8DFE-050B1709799A}"
EndProject
Global
	GlobalSection(SolutionConfigurationPlatforms) = preSolution
		Debug|Any CPU = Debug|Any CPU
		Release|Any CPU = Release|Any CPU
	EndGlobalSection
	GlobalSection(ProjectConfigurationPlatforms) = postSolution
		{B8B41B35-3D81-4E81-A0D4-24002EF895B9}.Debug|Any CPU.ActiveCfg = Debug|Any CPU
		{B8B41B35-3D81-4E81-A0D4-24002EF895B9}.Debug|Any CPU.Build.0 = Debug|Any CPU
		{B8B41B35-3D81-4E81-A0D4-24002EF895B9}.Release|Any CPU.ActiveCfg = Release|Any CPU
		{B8B41B35-3D81-4E81-A0D4-24002EF895B9}.Release|Any CPU.Build.0 = Release|Any CPU
		{777A7403-AEF8-46B8-8DFE-050B1709799A}.Debug|Any CPU.ActiveCfg = Debug|Any CPU
		{777A7403-AEF8-46B8-8DFE-050B1709799A}.Debug|Any CPU.Build.0 = Debug|Any CPU
		{777A7403-AEF8-46B8-8DFE-050B1709799A}.Release|Any CPU.ActiveCfg = Release|Any CPU
		{777A7403-AEF8-46B8-8DFE-050B1709799A}.Release|Any CPU.Build.0 = Release|Any CPU
	EndGlobalSection
	GlobalSection(SolutionProperties) = preSolution
		HideSolutionNode = FALSE
	EndGlobalSection
	GlobalSection(ExtensibilityGlobals) = postSolution
		SolutionGuid = {A84F2CFD-6234-4792-B380-9B02381888D9}
	EndGlobalSection
EndGlobal
